
Microsoft Visual Studio Solution File, Format Version 12.00
# Visual Studio Version 16
VisualStudioVersion = 16.0.810.16
MinimumVisualStudioVersion = 10.0.40219.1
Project("{FAE04EC0-301F-11D3-BF4B-00C04F79EFBC}") = "Mission07", "Mission07\Mission07.csproj", "{6DD42ABC-2154-482B-94D8-8BC3A0D5958A}"
EndProject
Global
	GlobalSection(SolutionConfigurationPlatforms) = preSolution
		Debug|Any CPU = Debug|Any CPU
		Release|Any CPU = Release|Any CPU
	EndGlobalSection
	GlobalSection(ProjectConfigurationPlatforms) = postSolution
		{6DD42ABC-2154-482B-94D8-8BC3A0D5958A}.Debug|Any CPU.ActiveCfg = Debug|Any CPU
		{6DD42ABC-2154-482B-94D8-8BC3A0D5958A}.Debug|Any CPU.Build.0 = Debug|Any CPU
		{6DD42ABC-2154-482B-94D8-8BC3A0D5958A}.Release|Any CPU.ActiveCfg = Release|Any CPU
		{6DD42ABC-2154-482B-94D8-8BC3A0D5958A}.Release|Any CPU.Build.0 = Release|Any CPU
	EndGlobalSection
	GlobalSection(SolutionProperties) = preSolution
		HideSolutionNode = FALSE
	EndGlobalSection
	GlobalSection(ExtensibilityGlobals) = postSolution
		SolutionGuid = {90A3FB5D-8F15-4165-BFBD-91275A825010}
	EndGlobalSection
EndGlobal
